
Microsoft Visual Studio Solution File, Format Version 12.00
# Visual Studio 15
VisualStudioVersion = 15.0.28307.1831
MinimumVisualStudioVersion = 10.0.40219.1
Project("{FAE04EC0-301F-11D3-BF4B-00C04F79EFBC}") = "ConsoleApp1", "ConsoleApp1\ConsoleApp1.csproj", "{EA4F1C3C-2C86-4C09-B747-BA850C84AA7D}"
EndProject
Project("{FAE04EC0-301F-11D3-BF4B-00C04F79EFBC}") = "HomeWork1", "HomeWork1\HomeWork1.csproj", "{3B842B66-26AE-40AF-BBE4-1E03A6F326B6}"
EndProject
Project("{FAE04EC0-301F-11D3-BF4B-00C04F79EFBC}") = "HomeWork2", "HomeWork2\HomeWork2.csproj", "{9CA96FB0-DA29-4176-8761-10A84680489F}"
EndProject
Project("{FAE04EC0-301F-11D3-BF4B-00C04F79EFBC}") = "HomeWork3", "HomeWork3\HomeWork3.csproj", "{4CE3CE96-24CB-4A37-9FE2-ED46882AE936}"
EndProject
Project("{FAE04EC0-301F-11D3-BF4B-00C04F79EFBC}") = "HomeWork_4", "HomeWork_4\HomeWork_4.csproj", "{ABF9A862-319F-4745-9FAA-B267DB64E48E}"
EndProject
Project("{FAE04EC0-301F-11D3-BF4B-00C04F79EFBC}") = "HomeWork5", "HomeWork5\HomeWork5.csproj", "{8B3038AE-3E09-4595-B293-F90AFC59EC61}"
EndProject
Project("{FAE04EC0-301F-11D3-BF4B-00C04F79EFBC}") = "HomeWork6", "HomeWork6\HomeWork6.csproj", "{86F747AD-A5F7-46AD-BF3E-35647F687DB6}"
EndProject
Project("{FAE04EC0-301F-11D3-BF4B-00C04F79EFBC}") = "Game_", "Game_\Game_.csproj", "{19C416FF-5F85-4D51-97C7-B3A6B6FFE093}"
EndProject
Global
	GlobalSection(SolutionConfigurationPlatforms) = preSolution
		Debug|Any CPU = Debug|Any CPU
		Debug|x64 = Debug|x64
		Debug|x86 = Debug|x86
		Release|Any CPU = Release|Any CPU
		Release|x64 = Release|x64
		Release|x86 = Release|x86
	EndGlobalSection
	GlobalSection(ProjectConfigurationPlatforms) = postSolution
		{EA4F1C3C-2C86-4C09-B747-BA850C84AA7D}.Debug|Any CPU.ActiveCfg = Debug|Any CPU
		{EA4F1C3C-2C86-4C09-B747-BA850C84AA7D}.Debug|Any CPU.Build.0 = Debug|Any CPU
		{EA4F1C3C-2C86-4C09-B747-BA850C84AA7D}.Debug|x64.ActiveCfg = Debug|Any CPU
		{EA4F1C3C-2C86-4C09-B747-BA850C84AA7D}.Debug|x64.Build.0 = Debug|Any CPU
		{EA4F1C3C-2C86-4C09-B747-BA850C84AA7D}.Debug|x86.ActiveCfg = Debug|Any CPU
		{EA4F1C3C-2C86-4C09-B747-BA850C84AA7D}.Debug|x86.Build.0 = Debug|Any CPU
		{EA4F1C3C-2C86-4C09-B747-BA850C84AA7D}.Release|Any CPU.ActiveCfg = Release|Any CPU
		{EA4F1C3C-2C86-4C09-B747-BA850C84AA7D}.Release|Any CPU.Build.0 = Release|Any CPU
		{EA4F1C3C-2C86-4C09-B747-BA850C84AA7D}.Release|x64.ActiveCfg = Release|Any CPU
		{EA4F1C3C-2C86-4C09-B747-BA850C84AA7D}.Release|x64.Build.0 = Release|Any CPU
		{EA4F1C3C-2C86-4C09-B747-BA850C84AA7D}.Release|x86.ActiveCfg = Release|Any CPU
		{EA4F1C3C-2C86-4C09-B747-BA850C84AA7D}.Release|x86.Build.0 = Release|Any CPU
		{3B842B66-26AE-40AF-BBE4-1E03A6F326B6}.Debug|Any CPU.ActiveCfg = Debug|Any CPU
		{3B842B66-26AE-40AF-BBE4-1E03A6F326B6}.Debug|Any CPU.Build.0 = Debug|Any CPU
		{3B842B66-26AE-40AF-BBE4-1E03A6F326B6}.Debug|x64.ActiveCfg = Debug|Any CPU
		{3B842B66-26AE-40AF-BBE4-1E03A6F326B6}.Debug|x64.Build.0 = Debug|Any CPU
		{3B842B66-26AE-40AF-BBE4-1E03A6F326B6}.Debug|x86.ActiveCfg = Debug|Any CPU
		{3B842B66-26AE-40AF-BBE4-1E03A6F326B6}.Debug|x86.Build.0 = Debug|Any CPU
		{3B842B66-26AE-40AF-BBE4-1E03A6F326B6}.Release|Any CPU.ActiveCfg = Release|Any CPU
		{3B842B66-26AE-40AF-BBE4-1E03A6F326B6}.Release|Any CPU.Build.0 = Release|Any CPU
		{3B842B66-26AE-40AF-BBE4-1E03A6F326B6}.Release|x64.ActiveCfg = Release|Any CPU
		{3B842B66-26AE-40AF-BBE4-1E03A6F326B6}.Release|x64.Build.0 = Release|Any CPU
		{3B842B66-26AE-40AF-BBE4-1E03A6F326B6}.Release|x86.ActiveCfg = Release|Any CPU
		{3B842B66-26AE-40AF-BBE4-1E03A6F326B6}.Release|x86.Build.0 = Release|Any CPU
		{9CA96FB0-DA29-4176-8761-10A84680489F}.Debug|Any CPU.ActiveCfg = Debug|Any CPU
		{9CA96FB0-DA29-4176-8761-10A84680489F}.Debug|Any CPU.Build.0 = Debug|Any CPU
		{9CA96FB0-DA29-4176-8761-10A84680489F}.Debug|x64.ActiveCfg = Debug|Any CPU
		{9CA96FB0-DA29-4176-8761-10A84680489F}.Debug|x64.Build.0 = Debug|Any CPU
		{9CA96FB0-DA29-4176-8761-10A84680489F}.Debug|x86.ActiveCfg = Debug|Any CPU
		{9CA96FB0-DA29-4176-8761-10A84680489F}.Debug|x86.Build.0 = Debug|Any CPU
		{9CA96FB0-DA29-4176-8761-10A84680489F}.Release|Any CPU.ActiveCfg = Release|Any CPU
		{9CA96FB0-DA29-4176-8761-10A84680489F}.Release|Any CPU.Build.0 = Release|Any CPU
		{9CA96FB0-DA29-4176-8761-10A84680489F}.Release|x64.ActiveCfg = Release|Any CPU
		{9CA96FB0-DA29-4176-8761-10A84680489F}.Release|x64.Build.0 = Release|Any CPU
		{9CA96FB0-DA29-4176-8761-10A84680489F}.Release|x86.ActiveCfg = Release|Any CPU
		{9CA96FB0-DA29-4176-8761-10A84680489F}.Release|x86.Build.0 = Release|Any CPU
		{4CE3CE96-24CB-4A37-9FE2-ED46882AE936}.Debug|Any CPU.ActiveCfg = Debug|Any CPU
		{4CE3CE96-24CB-4A37-9FE2-ED46882AE936}.Debug|Any CPU.Build.0 = Debug|Any CPU
		{4CE3CE96-24CB-4A37-9FE2-ED46882AE936}.Debug|x64.ActiveCfg = Debug|Any CPU
		{4CE3CE96-24CB-4A37-9FE2-ED46882AE936}.Debug|x64.Build.0 = Debug|Any CPU
		{4CE3CE96-24CB-4A37-9FE2-ED46882AE936}.Debug|x86.ActiveCfg = Debug|Any CPU
		{4CE3CE96-24CB-4A37-9FE2-ED46882AE936}.Debug|x86.Build.0 = Debug|Any CPU
		{4CE3CE96-24CB-4A37-9FE2-ED46882AE936}.Release|Any CPU.ActiveCfg = Release|Any CPU
		{4CE3CE96-24CB-4A37-9FE2-ED46882AE936}.Release|Any CPU.Build.0 = Release|Any CPU
		{4CE3CE96-24CB-4A37-9FE2-ED46882AE936}.Release|x64.ActiveCfg = Release|Any CPU
		{4CE3CE96-24CB-4A37-9FE2-ED46882AE936}.Release|x64.Build.0 = Release|Any CPU
		{4CE3CE96-24CB-4A37-9FE2-ED46882AE936}.Release|x86.ActiveCfg = Release|Any CPU
		{4CE3CE96-24CB-4A37-9FE2-ED46882AE936}.Release|x86.Build.0 = Release|Any CPU
		{ABF9A862-319F-4745-9FAA-B267DB64E48E}.Debug|Any CPU.ActiveCfg = Debug|Any CPU
		{ABF9A862-319F-4745-9FAA-B267DB64E48E}.Debug|Any CPU.Build.0 = Debug|Any CPU
		{ABF9A862-319F-4745-9FAA-B267DB64E48E}.Debug|x64.ActiveCfg = Debug|Any CPU
		{ABF9A862-319F-4745-9FAA-B267DB64E48E}.Debug|x64.Build.0 = Debug|Any CPU
		{ABF9A862-319F-4745-9FAA-B267DB64E48E}.Debug|x86.ActiveCfg = Debug|Any CPU
		{ABF9A862-319F-4745-9FAA-B267DB64E48E}.Debug|x86.Build.0 = Debug|Any CPU
		{ABF9A862-319F-4745-9FAA-B267DB64E48E}.Release|Any CPU.ActiveCfg = Release|Any CPU
		{ABF9A862-319F-4745-9FAA-B267DB64E48E}.Release|Any CPU.Build.0 = Release|Any CPU
		{ABF9A862-319F-4745-9FAA-B267DB64E48E}.Release|x64.ActiveCfg = Release|Any CPU
		{ABF9A862-319F-4745-9FAA-B267DB64E48E}.Release|x64.Build.0 = Release|Any CPU
		{ABF9A862-319F-4745-9FAA-B267DB64E48E}.Release|x86.ActiveCfg = Release|Any CPU
		{ABF9A862-319F-4745-9FAA-B267DB64E48E}.Release|x86.Build.0 = Release|Any CPU
		{8B3038AE-3E09-4595-B293-F90AFC59EC61}.Debug|Any CPU.ActiveCfg = Debug|Any CPU
		{8B3038AE-3E09-4595-B293-F90AFC59EC61}.Debug|Any CPU.Build.0 = Debug|Any CPU
		{8B3038AE-3E09-4595-B293-F90AFC59EC61}.Debug|x64.ActiveCfg = Debug|Any CPU
		{8B3038AE-3E09-4595-B293-F90AFC59EC61}.Debug|x64.Build.0 = Debug|Any CPU
		{8B3038AE-3E09-4595-B293-F90AFC59EC61}.Debug|x86.ActiveCfg = Debug|Any CPU
		{8B3038AE-3E09-4595-B293-F90AFC59EC61}.Debug|x86.Build.0 = Debug|Any CPU
		{8B3038AE-3E09-4595-B293-F90AFC59EC61}.Release|Any CPU.ActiveCfg = Release|Any CPU
		{8B3038AE-3E09-4595-B293-F90AFC59EC61}.Release|Any CPU.Build.0 = Release|Any CPU
		{8B3038AE-3E09-4595-B293-F90AFC59EC61}.Release|x64.ActiveCfg = Release|Any CPU
		{8B3038AE-3E09-4595-B293-F90AFC59EC61}.Release|x64.Build.0 = Release|Any CPU
		{8B3038AE-3E09-4595-B293-F90AFC59EC61}.Release|x86.ActiveCfg = Release|Any CPU
		{8B3038AE-3E09-4595-B293-F90AFC59EC61}.Release|x86.Build.0 = Release|Any CPU
		{86F747AD-A5F7-46AD-BF3E-35647F687DB6}.Debug|Any CPU.ActiveCfg = Debug|Any CPU
		{86F747AD-A5F7-46AD-BF3E-35647F687DB6}.Debug|Any CPU.Build.0 = Debug|Any CPU
		{86F747AD-A5F7-46AD-BF3E-35647F687DB6}.Debug|x64.ActiveCfg = Debug|Any CPU
		{86F747AD-A5F7-46AD-BF3E-35647F687DB6}.Debug|x64.Build.0 = Debug|Any CPU
		{86F747AD-A5F7-46AD-BF3E-35647F687DB6}.Debug|x86.ActiveCfg = Debug|Any CPU
		{86F747AD-A5F7-46AD-BF3E-35647F687DB6}.Debug|x86.Build.0 = Debug|Any CPU
		{86F747AD-A5F7-46AD-BF3E-35647F687DB6}.Release|Any CPU.ActiveCfg = Release|Any CPU
		{86F747AD-A5F7-46AD-BF3E-35647F687DB6}.Release|Any CPU.Build.0 = Release|Any CPU
		{86F747AD-A5F7-46AD-BF3E-35647F687DB6}.Release|x64.ActiveCfg = Release|Any CPU
		{86F747AD-A5F7-46AD-BF3E-35647F687DB6}.Release|x64.Build.0 = Release|Any CPU
		{86F747AD-A5F7-46AD-BF3E-35647F687DB6}.Release|x86.ActiveCfg = Release|Any CPU
		{86F747AD-A5F7-46AD-BF3E-35647F687DB6}.Release|x86.Build.0 = Release|Any CPU
		{19C416FF-5F85-4D51-97C7-B3A6B6FFE093}.Debug|Any CPU.ActiveCfg = Debug|Any CPU
		{19C416FF-5F85-4D51-97C7-B3A6B6FFE093}.Debug|Any CPU.Build.0 = Debug|Any CPU
		{19C416FF-5F85-4D51-97C7-B3A6B6FFE093}.Debug|x64.ActiveCfg = Debug|Any CPU
		{19C416FF-5F85-4D51-97C7-B3A6B6FFE093}.Debug|x64.Build.0 = Debug|Any CPU
		{19C416FF-5F85-4D51-97C7-B3A6B6FFE093}.Debug|x86.ActiveCfg = Debug|Any CPU
		{19C416FF-5F85-4D51-97C7-B3A6B6FFE093}.Debug|x86.Build.0 = Debug|Any CPU
		{19C416FF-5F85-4D51-97C7-B3A6B6FFE093}.Release|Any CPU.ActiveCfg = Release|Any CPU
		{19C416FF-5F85-4D51-97C7-B3A6B6FFE093}.Release|Any CPU.Build.0 = Release|Any CPU
		{19C416FF-5F85-4D51-97C7-B3A6B6FFE093}.Release|x64.ActiveCfg = Release|Any CPU
		{19C416FF-5F85-4D51-97C7-B3A6B6FFE093}.Release|x64.Build.0 = Release|Any CPU
		{19C416FF-5F85-4D51-97C7-B3A6B6FFE093}.Release|x86.ActiveCfg = Release|Any CPU
		{19C416FF-5F85-4D51-97C7-B3A6B6FFE093}.Release|x86.Build.0 = Release|Any CPU
	EndGlobalSection
	GlobalSection(SolutionProperties) = preSolution
		HideSolutionNode = FALSE
	EndGlobalSection
	GlobalSection(ExtensibilityGlobals) = postSolution
		SolutionGuid = {9BBA431E-0F6E-4D2D-A662-AA379E38A70B}
	EndGlobalSection
EndGlobal
